
Microsoft Visual Studio Solution File, Format Version 12.00
# Visual Studio 14
VisualStudioVersion = 14.0.25420.1
MinimumVisualStudioVersion = 10.0.40219.1
Project("{FAE04EC0-301F-11D3-BF4B-00C04F79EFBC}") = "CookbookApp", "CookbookApp\CookbookApp.csproj", "{A5E6FCB3-D04B-432D-B5EC-549DDC4C9404}"
	ProjectSection(ProjectDependencies) = postProject
		{BFF56529-6605-425F-8BAF-248E0F35246E} = {BFF56529-6605-425F-8BAF-248E0F35246E}
	EndProjectSection
EndProject
Project("{FAE04EC0-301F-11D3-BF4B-00C04F79EFBC}") = "DataAccessLayer", "DataAccessLayer\DataAccessLayer.csproj", "{682ADE00-9A5A-4C23-BDAC-EF783F5C47BC}"
EndProject
Project("{FAE04EC0-301F-11D3-BF4B-00C04F79EFBC}") = "DataTransferObjects", "DataTransferObjects\DataTransferObjects.csproj", "{A5F3839B-B0A3-4AEA-B809-85B01F707495}"
EndProject
Project("{FAE04EC0-301F-11D3-BF4B-00C04F79EFBC}") = "ServiceLayer", "ServiceLayer\ServiceLayer.csproj", "{BFF56529-6605-425F-8BAF-248E0F35246E}"
EndProject
Project("{FAE04EC0-301F-11D3-BF4B-00C04F79EFBC}") = "UnitTests", "UnitTests\UnitTests.csproj", "{05B18DB9-8FE1-4811-A8DF-589853E06AFA}"
EndProject
Project("{FAE04EC0-301F-11D3-BF4B-00C04F79EFBC}") = "IntegrationTests", "IntegrationTests\IntegrationTests.csproj", "{F12CBAE5-D0E7-426B-B589-95855587EFBA}"
EndProject
Project("{2150E333-8FDC-42A3-9474-1A3956D46DE8}") = "Tests", "Tests", "{A4BA7C0B-9B8D-4AF9-9D03-AED95897AC1E}"
EndProject
Project("{2150E333-8FDC-42A3-9474-1A3956D46DE8}") = "Client", "Client", "{334A5627-A055-43FE-B7A9-AA815809E9BE}"
EndProject
Project("{2150E333-8FDC-42A3-9474-1A3956D46DE8}") = "Service", "Service", "{245D6DA1-E1BB-4724-98F1-69364D9EDB33}"
EndProject
Project("{2150E333-8FDC-42A3-9474-1A3956D46DE8}") = "Common", "Common", "{722CB3A2-CB75-460D-87C7-65FC251D5A86}"
EndProject
Project("{FAE04EC0-301F-11D3-BF4B-00C04F79EFBC}") = "RESTfulServiceLayer", "RESTfulServiceLayer\RESTfulServiceLayer.csproj", "{DDDC3424-9836-4CCE-9815-140AB42A35C2}"
EndProject
Project("{FAE04EC0-301F-11D3-BF4B-00C04F79EFBC}") = "MvcWebsite", "MvcWebsite\MvcWebsite.csproj", "{E56EBF61-E78A-41C1-9996-5EB4E648EECE}"
EndProject
Global
	GlobalSection(SolutionConfigurationPlatforms) = preSolution
		Debug|Any CPU = Debug|Any CPU
		Release|Any CPU = Release|Any CPU
	EndGlobalSection
	GlobalSection(ProjectConfigurationPlatforms) = postSolution
		{A5E6FCB3-D04B-432D-B5EC-549DDC4C9404}.Debug|Any CPU.ActiveCfg = Debug|Any CPU
		{A5E6FCB3-D04B-432D-B5EC-549DDC4C9404}.Debug|Any CPU.Build.0 = Debug|Any CPU
		{A5E6FCB3-D04B-432D-B5EC-549DDC4C9404}.Release|Any CPU.ActiveCfg = Release|Any CPU
		{A5E6FCB3-D04B-432D-B5EC-549DDC4C9404}.Release|Any CPU.Build.0 = Release|Any CPU
		{682ADE00-9A5A-4C23-BDAC-EF783F5C47BC}.Debug|Any CPU.ActiveCfg = Debug|Any CPU
		{682ADE00-9A5A-4C23-BDAC-EF783F5C47BC}.Debug|Any CPU.Build.0 = Debug|Any CPU
		{682ADE00-9A5A-4C23-BDAC-EF783F5C47BC}.Release|Any CPU.ActiveCfg = Release|Any CPU
		{682ADE00-9A5A-4C23-BDAC-EF783F5C47BC}.Release|Any CPU.Build.0 = Release|Any CPU
		{A5F3839B-B0A3-4AEA-B809-85B01F707495}.Debug|Any CPU.ActiveCfg = Debug|Any CPU
		{A5F3839B-B0A3-4AEA-B809-85B01F707495}.Debug|Any CPU.Build.0 = Debug|Any CPU
		{A5F3839B-B0A3-4AEA-B809-85B01F707495}.Release|Any CPU.ActiveCfg = Release|Any CPU
		{A5F3839B-B0A3-4AEA-B809-85B01F707495}.Release|Any CPU.Build.0 = Release|Any CPU
		{BFF56529-6605-425F-8BAF-248E0F35246E}.Debug|Any CPU.ActiveCfg = Debug|Any CPU
		{BFF56529-6605-425F-8BAF-248E0F35246E}.Debug|Any CPU.Build.0 = Debug|Any CPU
		{BFF56529-6605-425F-8BAF-248E0F35246E}.Release|Any CPU.ActiveCfg = Release|Any CPU
		{BFF56529-6605-425F-8BAF-248E0F35246E}.Release|Any CPU.Build.0 = Release|Any CPU
		{05B18DB9-8FE1-4811-A8DF-589853E06AFA}.Debug|Any CPU.ActiveCfg = Debug|Any CPU
		{05B18DB9-8FE1-4811-A8DF-589853E06AFA}.Debug|Any CPU.Build.0 = Debug|Any CPU
		{05B18DB9-8FE1-4811-A8DF-589853E06AFA}.Release|Any CPU.ActiveCfg = Release|Any CPU
		{05B18DB9-8FE1-4811-A8DF-589853E06AFA}.Release|Any CPU.Build.0 = Release|Any CPU
		{F12CBAE5-D0E7-426B-B589-95855587EFBA}.Debug|Any CPU.ActiveCfg = Debug|Any CPU
		{F12CBAE5-D0E7-426B-B589-95855587EFBA}.Debug|Any CPU.Build.0 = Debug|Any CPU
		{F12CBAE5-D0E7-426B-B589-95855587EFBA}.Release|Any CPU.ActiveCfg = Release|Any CPU
		{F12CBAE5-D0E7-426B-B589-95855587EFBA}.Release|Any CPU.Build.0 = Release|Any CPU
		{DDDC3424-9836-4CCE-9815-140AB42A35C2}.Debug|Any CPU.ActiveCfg = Debug|Any CPU
		{DDDC3424-9836-4CCE-9815-140AB42A35C2}.Debug|Any CPU.Build.0 = Debug|Any CPU
		{DDDC3424-9836-4CCE-9815-140AB42A35C2}.Release|Any CPU.ActiveCfg = Release|Any CPU
		{DDDC3424-9836-4CCE-9815-140AB42A35C2}.Release|Any CPU.Build.0 = Release|Any CPU
		{E56EBF61-E78A-41C1-9996-5EB4E648EECE}.Debug|Any CPU.ActiveCfg = Debug|Any CPU
		{E56EBF61-E78A-41C1-9996-5EB4E648EECE}.Debug|Any CPU.Build.0 = Debug|Any CPU
		{E56EBF61-E78A-41C1-9996-5EB4E648EECE}.Release|Any CPU.ActiveCfg = Release|Any CPU
		{E56EBF61-E78A-41C1-9996-5EB4E648EECE}.Release|Any CPU.Build.0 = Release|Any CPU
	EndGlobalSection
	GlobalSection(SolutionProperties) = preSolution
		HideSolutionNode = FALSE
	EndGlobalSection
	GlobalSection(NestedProjects) = preSolution
		{A5E6FCB3-D04B-432D-B5EC-549DDC4C9404} = {334A5627-A055-43FE-B7A9-AA815809E9BE}
		{682ADE00-9A5A-4C23-BDAC-EF783F5C47BC} = {245D6DA1-E1BB-4724-98F1-69364D9EDB33}
		{A5F3839B-B0A3-4AEA-B809-85B01F707495} = {722CB3A2-CB75-460D-87C7-65FC251D5A86}
		{BFF56529-6605-425F-8BAF-248E0F35246E} = {245D6DA1-E1BB-4724-98F1-69364D9EDB33}
		{05B18DB9-8FE1-4811-A8DF-589853E06AFA} = {A4BA7C0B-9B8D-4AF9-9D03-AED95897AC1E}
		{F12CBAE5-D0E7-426B-B589-95855587EFBA} = {A4BA7C0B-9B8D-4AF9-9D03-AED95897AC1E}
		{DDDC3424-9836-4CCE-9815-140AB42A35C2} = {245D6DA1-E1BB-4724-98F1-69364D9EDB33}
		{E56EBF61-E78A-41C1-9996-5EB4E648EECE} = {334A5627-A055-43FE-B7A9-AA815809E9BE}
	EndGlobalSection
EndGlobal
